# auto-generated by grc.converter

id: ieee802_11_parse_mac_multiout
label: WiFi Parse MAC (Multi-Output)
category: '[IEEE802.11]'

parameters:
- id: log
  label: Log
  dtype: bool
  default: 'False'
  options: ['True', 'False']
  option_labels: [Enable, Disable]

- id: debug
  label: Debug
  dtype: bool
  default: 'False'
  options: ['True', 'False']
  option_labels: [Enable, Disable]

- id: mac_1
  label: MAC Address 1
  dtype: string
  default: "fa:25:51:de:c1:a2"

- id: mac_2
  label: MAC Address 2
  dtype: string
  default: "ff:ff:ff:ff:ff:ff"

inputs:
- domain: message
  id: in

outputs:
- domain: message
  id: mac_1
- domain: message
  id: mac_2
- domain: message
  id: mac_other

templates:
  imports: import ieee802_11
  make: ieee802_11.parse_mac_multiout(${log}, ${debug}, ${mac_1}, ${mac_2})

file_format: 1