# auto-generated by grc.converter

id: ieee802_11_parse_mac_multiout
label: WiFi Parse MAC (Multi-Output)
category: '[IEEE802.11]'

parameters:
- id: log
  label: Log
  dtype: bool
  default: 'False'
  options: ['True', 'False']
  option_labels: [Enable, Disable]

- id: debug
  label: Debug
  dtype: bool
  default: 'False'
  options: ['True', 'False']
  option_labels: [Enable, Disable]

inputs:
- domain: message
  id: in

outputs:
- domain: message
  id: mac_1
- domain: message
  id: mac_2
- domain: message
  id: mac_other

templates:
  imports: import ieee802_11
  make: ieee802_11.parse_mac_multiout(${log}, ${debug})

file_format: 1
